
Microsoft Visual Studio Solution File, Format Version 12.00
# Visual Studio Version 17
VisualStudioVersion = 17.0.31903.59
MinimumVisualStudioVersion = 10.0.40219.1
Project("{FAE04EC0-301F-11D3-BF4B-00C04F79EFBC}") = "SqlConnector", "SqlConnector\SqlConnector.csproj", "{8265C565-6099-4785-BE9D-52F36E787F42}"
EndProject
Project("{FAE04EC0-301F-11D3-BF4B-00C04F79EFBC}") = "LivinParis Test", "LivinParis Test\LivinParis Test.csproj", "{D019BED6-F76B-4490-8AFE-834DA94C6A92}"
EndProject
Project("{FAE04EC0-301F-11D3-BF4B-00C04F79EFBC}") = "LivinParisGraphique", "LivinParisGraphique\LivinParisGraphique.csproj", "{DA53BA2F-F558-4CAB-8215-F3D10EEC9EB8}"
EndProject
Project("{FAE04EC0-301F-11D3-BF4B-00C04F79EFBC}") = "LivinParis Console", "LivinParis Console\LivinParis Console.csproj", "{A06D592D-87AE-4CD7-8043-79DE7A3809C3}"
EndProject
Project("{FAE04EC0-301F-11D3-BF4B-00C04F79EFBC}") = "GraphsLibrary", "GraphsLibrary\GraphsLibrary.csproj", "{845A2CEA-A6FA-405E-9267-65B375ABF980}"
EndProject
Global
	GlobalSection(SolutionConfigurationPlatforms) = preSolution
		Debug|Any CPU = Debug|Any CPU
		Release|Any CPU = Release|Any CPU
	EndGlobalSection
	GlobalSection(ProjectConfigurationPlatforms) = postSolution
		{8265C565-6099-4785-BE9D-52F36E787F42}.Debug|Any CPU.ActiveCfg = Debug|Any CPU
		{8265C565-6099-4785-BE9D-52F36E787F42}.Debug|Any CPU.Build.0 = Debug|Any CPU
		{8265C565-6099-4785-BE9D-52F36E787F42}.Release|Any CPU.ActiveCfg = Release|Any CPU
		{8265C565-6099-4785-BE9D-52F36E787F42}.Release|Any CPU.Build.0 = Release|Any CPU
		{D019BED6-F76B-4490-8AFE-834DA94C6A92}.Debug|Any CPU.ActiveCfg = Debug|Any CPU
		{D019BED6-F76B-4490-8AFE-834DA94C6A92}.Debug|Any CPU.Build.0 = Debug|Any CPU
		{D019BED6-F76B-4490-8AFE-834DA94C6A92}.Release|Any CPU.ActiveCfg = Release|Any CPU
		{D019BED6-F76B-4490-8AFE-834DA94C6A92}.Release|Any CPU.Build.0 = Release|Any CPU
		{DA53BA2F-F558-4CAB-8215-F3D10EEC9EB8}.Debug|Any CPU.ActiveCfg = Debug|Any CPU
		{DA53BA2F-F558-4CAB-8215-F3D10EEC9EB8}.Debug|Any CPU.Build.0 = Debug|Any CPU
		{DA53BA2F-F558-4CAB-8215-F3D10EEC9EB8}.Release|Any CPU.ActiveCfg = Release|Any CPU
		{DA53BA2F-F558-4CAB-8215-F3D10EEC9EB8}.Release|Any CPU.Build.0 = Release|Any CPU
		{A06D592D-87AE-4CD7-8043-79DE7A3809C3}.Debug|Any CPU.ActiveCfg = Debug|Any CPU
		{A06D592D-87AE-4CD7-8043-79DE7A3809C3}.Debug|Any CPU.Build.0 = Debug|Any CPU
		{A06D592D-87AE-4CD7-8043-79DE7A3809C3}.Release|Any CPU.ActiveCfg = Release|Any CPU
		{A06D592D-87AE-4CD7-8043-79DE7A3809C3}.Release|Any CPU.Build.0 = Release|Any CPU
		{845A2CEA-A6FA-405E-9267-65B375ABF980}.Debug|Any CPU.ActiveCfg = Debug|Any CPU
		{845A2CEA-A6FA-405E-9267-65B375ABF980}.Debug|Any CPU.Build.0 = Debug|Any CPU
		{845A2CEA-A6FA-405E-9267-65B375ABF980}.Release|Any CPU.ActiveCfg = Release|Any CPU
		{845A2CEA-A6FA-405E-9267-65B375ABF980}.Release|Any CPU.Build.0 = Release|Any CPU
	EndGlobalSection
	GlobalSection(SolutionProperties) = preSolution
		HideSolutionNode = FALSE
	EndGlobalSection
EndGlobal
